// !$*UTF8*$!
{
	archiveVersion = 1;
	classes = {
	};
	objectVersion = 46;
	objects = {

/* Begin PBXBuildFile section */
		7F32A1F11D29C7940063F55A /* AppDelegate.swift in Sources */ = {isa = PBXBuildFile; fileRef = 7F32A1F01D29C7940063F55A /* AppDelegate.swift */; };
		7F32A1F31D29C7940063F55A /* RecordSoundsViewController.swift in Sources */ = {isa = PBXBuildFile; fileRef = 7F32A1F21D29C7940063F55A /* RecordSoundsViewController.swift */; };
		7F32A1F61D29C7940063F55A /* Main.storyboard in Resources */ = {isa = PBXBuildFile; fileRef = 7F32A1F41D29C7940063F55A /* Main.storyboard */; };
		7F32A1F81D29C7940063F55A /* Assets.xcassets in Resources */ = {isa = PBXBuildFile; fileRef = 7F32A1F71D29C7940063F55A /* Assets.xcassets */; };
		7F32A1FB1D29C7940063F55A /* LaunchScreen.storyboard in Resources */ = {isa = PBXBuildFile; fileRef = 7F32A1F91D29C7940063F55A /* LaunchScreen.storyboard */; };
		7F32A2061D29C7940063F55A /* PitchPerfectTests.swift in Sources */ = {isa = PBXBuildFile; fileRef = 7F32A2051D29C7940063F55A /* PitchPerfectTests.swift */; };
		7F32A2111D29C7940063F55A /* PitchPerfectUITests.swift in Sources */ = {isa = PBXBuildFile; fileRef = 7F32A2101D29C7940063F55A /* PitchPerfectUITests.swift */; };
		7F32A21F1D29FDC40063F55A /* PlaySoundsViewController.swift in Sources */ = {isa = PBXBuildFile; fileRef = 7F32A21E1D29FDC40063F55A /* PlaySoundsViewController.swift */; };
/* End PBXBuildFile section */

/* Begin PBXContainerItemProxy section */
		7F32A2021D29C7940063F55A /* PBXContainerItemProxy */ = {
			isa = PBXContainerItemProxy;
			containerPortal = 7F32A1E51D29C7940063F55A /* Project object */;
			proxyType = 1;
			remoteGlobalIDString = 7F32A1EC1D29C7940063F55A;
			remoteInfo = PitchPerfect;
		};
		7F32A20D1D29C7940063F55A /* PBXContainerItemProxy */ = {
			isa = PBXContainerItemProxy;
			containerPortal = 7F32A1E51D29C7940063F55A /* Project object */;
			proxyType = 1;
			remoteGlobalIDString = 7F32A1EC1D29C7940063F55A;
			remoteInfo = PitchPerfect;
		};
/* End PBXContainerItemProxy section */

/* Begin PBXFileReference section */
		7F32A1ED1D29C7940063F55A /* PitchPerfect.app */ = {isa = PBXFileReference; explicitFileType = wrapper.application; includeInIndex = 0; path = PitchPerfect.app; sourceTree = BUILT_PRODUCTS_DIR; };
		7F32A1F01D29C7940063F55A /* AppDelegate.swift */ = {isa = PBXFileReference; lastKnownFileType = sourcecode.swift; path = AppDelegate.swift; sourceTree = "<group>"; };
		7F32A1F21D29C7940063F55A /* RecordSoundsViewController.swift */ = {isa = PBXFileReference; lastKnownFileType = sourcecode.swift; path = RecordSoundsViewController.swift; sourceTree = "<group>"; };
		7F32A1F51D29C7940063F55A /* Base */ = {isa = PBXFileReference; lastKnownFileType = file.storyboard; name = Base; path = Base.lproj/Main.storyboard; sourceTree = "<group>"; };
		7F32A1F71D29C7940063F55A /* Assets.xcassets */ = {isa = PBXFileReference; lastKnownFileType = folder.assetcatalog; path = Assets.xcassets; sourceTree = "<group>"; };
		7F32A1FA1D29C7940063F55A /* Base */ = {isa = PBXFileReference; lastKnownFileType = file.storyboard; name = Base; path = Base.lproj/LaunchScreen.storyboard; sourceTree = "<group>"; };
		7F32A1FC1D29C7940063F55A /* Info.plist */ = {isa = PBXFileReference; lastKnownFileType = text.plist.xml; path = Info.plist; sourceTree = "<group>"; };
		7F32A2011D29C7940063F55A /* PitchPerfectTests.xctest */ = {isa = PBXFileReference; explicitFileType = wrapper.cfbundle; includeInIndex = 0; path = PitchPerfectTests.xctest; sourceTree = BUILT_PRODUCTS_DIR; };
		7F32A2051D29C7940063F55A /* PitchPerfectTests.swift */ = {isa = PBXFileReference; lastKnownFileType = sourcecode.swift; path = PitchPerfectTests.swift; sourceTree = "<group>"; };
		7F32A2071D29C7940063F55A /* Info.plist */ = {isa = PBXFileReference; lastKnownFileType = text.plist.xml; path = Info.plist; sourceTree = "<group>"; };
		7F32A20C1D29C7940063F55A /* PitchPerfectUITests.xctest */ = {isa = PBXFileReference; explicitFileType = wrapper.cfbundle; includeInIndex = 0; path = PitchPerfectUITests.xctest; sourceTree = BUILT_PRODUCTS_DIR; };
		7F32A2101D29C7940063F55A /* PitchPerfectUITests.swift */ = {isa = PBXFileReference; lastKnownFileType = sourcecode.swift; path = PitchPerfectUITests.swift; sourceTree = "<group>"; };
		7F32A2121D29C7940063F55A /* Info.plist */ = {isa = PBXFileReference; lastKnownFileType = text.plist.xml; path = Info.plist; sourceTree = "<group>"; };
		7F32A21E1D29FDC40063F55A /* PlaySoundsViewController.swift */ = {isa = PBXFileReference; fileEncoding = 4; lastKnownFileType = sourcecode.swift; path = PlaySoundsViewController.swift; sourceTree = "<group>"; };
/* End PBXFileReference section */

/* Begin PBXFrameworksBuildPhase section */
		7F32A1EA1D29C7940063F55A /* Frameworks */ = {
			isa = PBXFrameworksBuildPhase;
			buildActionMask = 2147483647;
			files = (
			);
			runOnlyForDeploymentPostprocessing = 0;
		};
		7F32A1FE1D29C7940063F55A /* Frameworks */ = {
			isa = PBXFrameworksBuildPhase;
			buildActionMask = 2147483647;
			files = (
			);
			runOnlyForDeploymentPostprocessing = 0;
		};
		7F32A2091D29C7940063F55A /* Frameworks */ = {
			isa = PBXFrameworksBuildPhase;
			buildActionMask = 2147483647;
			files = (
			);
			runOnlyForDeploymentPostprocessing = 0;
		};
/* End PBXFrameworksBuildPhase section */

/* Begin PBXGroup section */
		7F32A1E41D29C7940063F55A = {
			isa = PBXGroup;
			children = (
				7F32A1EF1D29C7940063F55A /* PitchPerfect */,
				7F32A2041D29C7940063F55A /* PitchPerfectTests */,
				7F32A20F1D29C7940063F55A /* PitchPerfectUITests */,
				7F32A1EE1D29C7940063F55A /* Products */,
			);
			sourceTree = "<group>";
		};
		7F32A1EE1D29C7940063F55A /* Products */ = {
			isa = PBXGroup;
			children = (
				7F32A1ED1D29C7940063F55A /* PitchPerfect.app */,
				7F32A2011D29C7940063F55A /* PitchPerfectTests.xctest */,
				7F32A20C1D29C7940063F55A /* PitchPerfectUITests.xctest */,
			);
			name = Products;
			sourceTree = "<group>";
		};
		7F32A1EF1D29C7940063F55A /* PitchPerfect */ = {
			isa = PBXGroup;
			children = (
				7F32A1F01D29C7940063F55A /* AppDelegate.swift */,
				7F32A1F21D29C7940063F55A /* RecordSoundsViewController.swift */,
				7F32A21E1D29FDC40063F55A /* PlaySoundsViewController.swift */,
				7F32A1F41D29C7940063F55A /* Main.storyboard */,
				7F32A1F71D29C7940063F55A /* Assets.xcassets */,
				7F32A1F91D29C7940063F55A /* LaunchScreen.storyboard */,
				7F32A1FC1D29C7940063F55A /* Info.plist */,
			);
			path = PitchPerfect;
			sourceTree = "<group>";
		};
		7F32A2041D29C7940063F55A /* PitchPerfectTests */ = {
			isa = PBXGroup;
			children = (
				7F32A2051D29C7940063F55A /* PitchPerfectTests.swift */,
				7F32A2071D29C7940063F55A /* Info.plist */,
			);
			path = PitchPerfectTests;
			sourceTree = "<group>";
		};
		7F32A20F1D29C7940063F55A /* PitchPerfectUITests */ = {
			isa = PBXGroup;
			children = (
				7F32A2101D29C7940063F55A /* PitchPerfectUITests.swift */,
				7F32A2121D29C7940063F55A /* Info.plist */,
			);
			path = PitchPerfectUITests;
			sourceTree = "<group>";
		};
/* End PBXGroup section */

/* Begin PBXNativeTarget section */
		7F32A1EC1D29C7940063F55A /* PitchPerfect */ = {
			isa = PBXNativeTarget;
			buildConfigurationList = 7F32A2151D29C7940063F55A /* Build configuration list for PBXNativeTarget "PitchPerfect" */;
			buildPhases = (
				7F32A1E91D29C7940063F55A /* Sources */,
				7F32A1EA1D29C7940063F55A /* Frameworks */,
				7F32A1EB1D29C7940063F55A /* Resources */,
			);
			buildRules = (
			);
			dependencies = (
			);
			name = PitchPerfect;
			productName = PitchPerfect;
			productReference = 7F32A1ED1D29C7940063F55A /* PitchPerfect.app */;
			productType = "com.apple.product-type.application";
		};
		7F32A2001D29C7940063F55A /* PitchPerfectTests */ = {
			isa = PBXNativeTarget;
			buildConfigurationList = 7F32A2181D29C7940063F55A /* Build configuration list for PBXNativeTarget "PitchPerfectTests" */;
			buildPhases = (
				7F32A1FD1D29C7940063F55A /* Sources */,
				7F32A1FE1D29C7940063F55A /* Frameworks */,
				7F32A1FF1D29C7940063F55A /* Resources */,
			);
			buildRules = (
			);
			dependencies = (
				7F32A2031D29C7940063F55A /* PBXTargetDependency */,
			);
			name = PitchPerfectTests;
			productName = PitchPerfectTests;
			productReference = 7F32A2011D29C7940063F55A /* PitchPerfectTests.xctest */;
			productType = "com.apple.product-type.bundle.unit-test";
		};
		7F32A20B1D29C7940063F55A /* PitchPerfectUITests */ = {
			isa = PBXNativeTarget;
			buildConfigurationList = 7F32A21B1D29C7940063F55A /* Build configuration list for PBXNativeTarget "PitchPerfectUITests" */;
			buildPhases = (
				7F32A2081D29C7940063F55A /* Sources */,
				7F32A2091D29C7940063F55A /* Frameworks */,
				7F32A20A1D29C7940063F55A /* Resources */,
			);
			buildRules = (
			);
			dependencies = (
				7F32A20E1D29C7940063F55A /* PBXTargetDependency */,
			);
			name = PitchPerfectUITests;
			productName = PitchPerfectUITests;
			productReference = 7F32A20C1D29C7940063F55A /* PitchPerfectUITests.xctest */;
			productType = "com.apple.product-type.bundle.ui-testing";
		};
/* End PBXNativeTarget section */

/* Begin PBXProject section */
		7F32A1E51D29C7940063F55A /* Project object */ = {
			isa = PBXProject;
			attributes = {
				LastSwiftUpdateCheck = 0730;
				LastUpgradeCheck = 0730;
				ORGANIZATIONNAME = Motive;
				TargetAttributes = {
					7F32A1EC1D29C7940063F55A = {
						CreatedOnToolsVersion = 7.3.1;
					};
					7F32A2001D29C7940063F55A = {
						CreatedOnToolsVersion = 7.3.1;
						TestTargetID = 7F32A1EC1D29C7940063F55A;
					};
					7F32A20B1D29C7940063F55A = {
						CreatedOnToolsVersion = 7.3.1;
						TestTargetID = 7F32A1EC1D29C7940063F55A;
					};
				};
			};
			buildConfigurationList = 7F32A1E81D29C7940063F55A /* Build configuration list for PBXProject "PitchPerfect" */;
			compatibilityVersion = "Xcode 3.2";
			developmentRegion = English;
			hasScannedForEncodings = 0;
			knownRegions = (
				en,
				Base,
			);
			mainGroup = 7F32A1E41D29C7940063F55A;
			productRefGroup = 7F32A1EE1D29C7940063F55A /* Products */;
			projectDirPath = "";
			projectRoot = "";
			targets = (
				7F32A1EC1D29C7940063F55A /* PitchPerfect */,
				7F32A2001D29C7940063F55A /* PitchPerfectTests */,
				7F32A20B1D29C7940063F55A /* PitchPerfectUITests */,
			);
		};
/* End PBXProject section */

/* Begin PBXResourcesBuildPhase section */
		7F32A1EB1D29C7940063F55A /* Resources */ = {
			isa = PBXResourcesBuildPhase;
			buildActionMask = 2147483647;
			files = (
				7F32A1FB1D29C7940063F55A /* LaunchScreen.storyboard in Resources */,
				7F32A1F81D29C7940063F55A /* Assets.xcassets in Resources */,
				7F32A1F61D29C7940063F55A /* Main.storyboard in Resources */,
			);
			runOnlyForDeploymentPostprocessing = 0;
		};
		7F32A1FF1D29C7940063F55A /* Resources */ = {
			isa = PBXResourcesBuildPhase;
			buildActionMask = 2147483647;
			files = (
			);
			runOnlyForDeploymentPostprocessing = 0;
		};
		7F32A20A1D29C7940063F55A /* Resources */ = {
			isa = PBXResourcesBuildPhase;
			buildActionMask = 2147483647;
			files = (
			);
			runOnlyForDeploymentPostprocessing = 0;
		};
/* End PBXResourcesBuildPhase section */

/* Begin PBXSourcesBuildPhase section */
		7F32A1E91D29C7940063F55A /* Sources */ = {
			isa = PBXSourcesBuildPhase;
			buildActionMask = 2147483647;
			files = (
				7F32A1F31D29C7940063F55A /* RecordSoundsViewController.swift in Sources */,
				7F32A21F1D29FDC40063F55A /* PlaySoundsViewController.swift in Sources */,
				7F32A1F11D29C7940063F55A /* AppDelegate.swift in Sources */,
			);
			runOnlyForDeploymentPostprocessing = 0;
		};
		7F32A1FD1D29C7940063F55A /* Sources */ = {
			isa = PBXSourcesBuildPhase;
			buildActionMask = 2147483647;
			files = (
				7F32A2061D29C7940063F55A /* PitchPerfectTests.swift in Sources */,
			);
			runOnlyForDeploymentPostprocessing = 0;
		};
		7F32A2081D29C7940063F55A /* Sources */ = {
			isa = PBXSourcesBuildPhase;
			buildActionMask = 2147483647;
			files = (
				7F32A2111D29C7940063F55A /* PitchPerfectUITests.swift in Sources */,
			);
			runOnlyForDeploymentPostprocessing = 0;
		};
/* End PBXSourcesBuildPhase section */

/* Begin PBXTargetDependency section */
		7F32A2031D29C7940063F55A /* PBXTargetDependency */ = {
			isa = PBXTargetDependency;
			target = 7F32A1EC1D29C7940063F55A /* PitchPerfect */;
			targetProxy = 7F32A2021D29C7940063F55A /* PBXContainerItemProxy */;
		};
		7F32A20E1D29C7940063F55A /* PBXTargetDependency */ = {
			isa = PBXTargetDependency;
			target = 7F32A1EC1D29C7940063F55A /* PitchPerfect */;
			targetProxy = 7F32A20D1D29C7940063F55A /* PBXContainerItemProxy */;
		};
/* End PBXTargetDependency section */

/* Begin PBXVariantGroup section */
		7F32A1F41D29C7940063F55A /* Main.storyboard */ = {
			isa = PBXVariantGroup;
			children = (
				7F32A1F51D29C7940063F55A /* Base */,
			);
			name = Main.storyboard;
			sourceTree = "<group>";
		};
		7F32A1F91D29C7940063F55A /* LaunchScreen.storyboard */ = {
			isa = PBXVariantGroup;
			children = (
				7F32A1FA1D29C7940063F55A /* Base */,
			);
			name = LaunchScreen.storyboard;
			sourceTree = "<group>";
		};
/* End PBXVariantGroup section */

/* Begin XCBuildConfiguration section */
		7F32A2131D29C7940063F55A /* Debug */ = {
			isa = XCBuildConfiguration;
			buildSettings = {
				ALWAYS_SEARCH_USER_PATHS = NO;
				CLANG_ANALYZER_NONNULL = YES;
				CLANG_CXX_LANGUAGE_STANDARD = "gnu++0x";
				CLANG_CXX_LIBRARY = "libc++";
				CLANG_ENABLE_MODULES = YES;
				CLANG_ENABLE_OBJC_ARC = YES;
				CLANG_WARN_BOOL_CONVERSION = YES;
				CLANG_WARN_CONSTANT_CONVERSION = YES;
				CLANG_WARN_DIRECT_OBJC_ISA_USAGE = YES_ERROR;
				CLANG_WARN_EMPTY_BODY = YES;
				CLANG_WARN_ENUM_CONVERSION = YES;
				CLANG_WARN_INT_CONVERSION = YES;
				CLANG_WARN_OBJC_ROOT_CLASS = YES_ERROR;
				CLANG_WARN_UNREACHABLE_CODE = YES;
				CLANG_WARN__DUPLICATE_METHOD_MATCH = YES;
				"CODE_SIGN_IDENTITY[sdk=iphoneos*]" = "iPhone Developer";
				COPY_PHASE_STRIP = NO;
				DEBUG_INFORMATION_FORMAT = dwarf;
				ENABLE_STRICT_OBJC_MSGSEND = YES;
				ENABLE_TESTABILITY = YES;
				GCC_C_LANGUAGE_STANDARD = gnu99;
				GCC_DYNAMIC_NO_PIC = NO;
				GCC_NO_COMMON_BLOCKS = YES;
				GCC_OPTIMIZATION_LEVEL = 0;
				GCC_PREPROCESSOR_DEFINITIONS = (
					"DEBUG=1",
					"$(inherited)",
				);
				GCC_WARN_64_TO_32_BIT_CONVERSION = YES;
				GCC_WARN_ABOUT_RETURN_TYPE = YES_ERROR;
				GCC_WARN_UNDECLARED_SELECTOR = YES;
				GCC_WARN_UNINITIALIZED_AUTOS = YES_AGGRESSIVE;
				GCC_WARN_UNUSED_FUNCTION = YES;
				GCC_WARN_UNUSED_VARIABLE = YES;
				IPHONEOS_DEPLOYMENT_TARGET = 9.3;
				MTL_ENABLE_DEBUG_INFO = YES;
				ONLY_ACTIVE_ARCH = YES;
				SDKROOT = iphoneos;
				SWIFT_OPTIMIZATION_LEVEL = "-Onone";
				TARGETED_DEVICE_FAMILY = "1,2";
			};
			name = Debug;
		};
		7F32A2141D29C7940063F55A /* Release */ = {
			isa = XCBuildConfiguration;
			buildSettings = {
				ALWAYS_SEARCH_USER_PATHS = NO;
				CLANG_ANALYZER_NONNULL = YES;
				CLANG_CXX_LANGUAGE_STANDARD = "gnu++0x";
				CLANG_CXX_LIBRARY = "libc++";
				CLANG_ENABLE_MODULES = YES;
				CLANG_ENABLE_OBJC_ARC = YES;
				CLANG_WARN_BOOL_CONVERSION = YES;
				CLANG_WARN_CONSTANT_CONVERSION = YES;
				CLANG_WARN_DIRECT_OBJC_ISA_USAGE = YES_ERROR;
				CLANG_WARN_EMPTY_BODY = YES;
				CLANG_WARN_ENUM_CONVERSION = YES;
				CLANG_WARN_INT_CONVERSION = YES;
				CLANG_WARN_OBJC_ROOT_CLASS = YES_ERROR;
				CLANG_WARN_UNREACHABLE_CODE = YES;
				CLANG_WARN__DUPLICATE_METHOD_MATCH = YES;
				"CODE_SIGN_IDENTITY[sdk=iphoneos*]" = "iPhone Developer";
				COPY_PHASE_STRIP = NO;
				DEBUG_INFORMATION_FORMAT = "dwarf-with-dsym";
				ENABLE_NS_ASSERTIONS = NO;
				ENABLE_STRICT_OBJC_MSGSEND = YES;
				GCC_C_LANGUAGE_STANDARD = gnu99;
				GCC_NO_COMMON_BLOCKS = YES;
				GCC_WARN_64_TO_32_BIT_CONVERSION = YES;
				GCC_WARN_ABOUT_RETURN_TYPE = YES_ERROR;
				GCC_WARN_UNDECLARED_SELECTOR = YES;
				GCC_WARN_UNINITIALIZED_AUTOS = YES_AGGRESSIVE;
				GCC_WARN_UNUSED_FUNCTION = YES;
				GCC_WARN_UNUSED_VARIABLE = YES;
				IPHONEOS_DEPLOYMENT_TARGET = 9.3;
				MTL_ENABLE_DEBUG_INFO = NO;
				SDKROOT = iphoneos;
				TARGETED_DEVICE_FAMILY = "1,2";
				VALIDATE_PRODUCT = YES;
			};
			name = Release;
		};
		7F32A2161D29C7940063F55A /* Debug */ = {
			isa = XCBuildConfiguration;
			buildSettings = {
				ASSETCATALOG_COMPILER_APPICON_NAME = AppIcon;
				INFOPLIST_FILE = PitchPerfect/Info.plist;
				LD_RUNPATH_SEARCH_PATHS = "$(inherited) @executable_path/Frameworks";
				PRODUCT_BUNDLE_IDENTIFIER = com.motive.PitchPerfect;
				PRODUCT_NAME = "$(TARGET_NAME)";
			};
			name = Debug;
		};
		7F32A2171D29C7940063F55A /* Release */ = {
			isa = XCBuildConfiguration;
			buildSettings = {
				ASSETCATALOG_COMPILER_APPICON_NAME = AppIcon;
				INFOPLIST_FILE = PitchPerfect/Info.plist;
				LD_RUNPATH_SEARCH_PATHS = "$(inherited) @executable_path/Frameworks";
				PRODUCT_BUNDLE_IDENTIFIER = com.motive.PitchPerfect;
				PRODUCT_NAME = "$(TARGET_NAME)";
			};
			name = Release;
		};
		7F32A2191D29C7940063F55A /* Debug */ = {
			isa = XCBuildConfiguration;
			buildSettings = {
				BUNDLE_LOADER = "$(TEST_HOST)";
				INFOPLIST_FILE = PitchPerfectTests/Info.plist;
				LD_RUNPATH_SEARCH_PATHS = "$(inherited) @executable_path/Frameworks @loader_path/Frameworks";
				PRODUCT_BUNDLE_IDENTIFIER = com.motive.PitchPerfectTests;
				PRODUCT_NAME = "$(TARGET_NAME)";
				TEST_HOST = "$(BUILT_PRODUCTS_DIR)/PitchPerfect.app/PitchPerfect";
			};
			name = Debug;
		};
		7F32A21A1D29C7940063F55A /* Release */ = {
			isa = XCBuildConfiguration;
			buildSettings = {
				BUNDLE_LOADER = "$(TEST_HOST)";
				INFOPLIST_FILE = PitchPerfectTests/Info.plist;
				LD_RUNPATH_SEARCH_PATHS = "$(inherited) @executable_path/Frameworks @loader_path/Frameworks";
				PRODUCT_BUNDLE_IDENTIFIER = com.motive.PitchPerfectTests;
				PRODUCT_NAME = "$(TARGET_NAME)";
				TEST_HOST = "$(BUILT_PRODUCTS_DIR)/PitchPerfect.app/PitchPerfect";
			};
			name = Release;
		};
		7F32A21C1D29C7940063F55A /* Debug */ = {
			isa = XCBuildConfiguration;
			buildSettings = {
				INFOPLIST_FILE = PitchPerfectUITests/Info.plist;
				LD_RUNPATH_SEARCH_PATHS = "$(inherited) @executable_path/Frameworks @loader_path/Frameworks";
				PRODUCT_BUNDLE_IDENTIFIER = com.motive.PitchPerfectUITests;
				PRODUCT_NAME = "$(TARGET_NAME)";
				TEST_TARGET_NAME = PitchPerfect;
			};
			name = Debug;
		};
		7F32A21D1D29C7940063F55A /* Release */ = {
			isa = XCBuildConfiguration;
			buildSettings = {
				INFOPLIST_FILE = PitchPerfectUITests/Info.plist;
				LD_RUNPATH_SEARCH_PATHS = "$(inherited) @executable_path/Frameworks @loader_path/Frameworks";
				PRODUCT_BUNDLE_IDENTIFIER = com.motive.PitchPerfectUITests;
				PRODUCT_NAME = "$(TARGET_NAME)";
				TEST_TARGET_NAME = PitchPerfect;
			};
			name = Release;
		};
/* End XCBuildConfiguration section */

/* Begin XCConfigurationList section */
		7F32A1E81D29C7940063F55A /* Build configuration list for PBXProject "PitchPerfect" */ = {
			isa = XCConfigurationList;
			buildConfigurations = (
				7F32A2131D29C7940063F55A /* Debug */,
				7F32A2141D29C7940063F55A /* Release */,
			);
			defaultConfigurationIsVisible = 0;
			defaultConfigurationName = Release;
		};
		7F32A2151D29C7940063F55A /* Build configuration list for PBXNativeTarget "PitchPerfect" */ = {
			isa = XCConfigurationList;
			buildConfigurations = (
				7F32A2161D29C7940063F55A /* Debug */,
				7F32A2171D29C7940063F55A /* Release */,
			);
			defaultConfigurationIsVisible = 0;
			defaultConfigurationName = Release;
		};
		7F32A2181D29C7940063F55A /* Build configuration list for PBXNativeTarget "PitchPerfectTests" */ = {
			isa = XCConfigurationList;
			buildConfigurations = (
				7F32A2191D29C7940063F55A /* Debug */,
				7F32A21A1D29C7940063F55A /* Release */,
			);
			defaultConfigurationIsVisible = 0;
			defaultConfigurationName = Release;
		};
		7F32A21B1D29C7940063F55A /* Build configuration list for PBXNativeTarget "PitchPerfectUITests" */ = {
			isa = XCConfigurationList;
			buildConfigurations = (
				7F32A21C1D29C7940063F55A /* Debug */,
				7F32A21D1D29C7940063F55A /* Release */,
			);
			defaultConfigurationIsVisible = 0;
			defaultConfigurationName = Release;
		};
/* End XCConfigurationList section */
	};
	rootObject = 7F32A1E51D29C7940063F55A /* Project object */;
}
